
Microsoft Visual Studio Solution File, Format Version 12.00
# Visual Studio 15
VisualStudioVersion = 15.0.28010.2019
MinimumVisualStudioVersion = 10.0.40219.1
Project("{9A19103F-16F7-4668-BE54-9A1E7A4F7556}") = "myFirstAzureWebApp", "myFirstAzureWebApp\myFirstAzureWebApp.csproj", "{76233411-B17C-4D0E-B6C1-2D851CC70AA9}"
EndProject
Project("{9A19103F-16F7-4668-BE54-9A1E7A4F7556}") = "FunctionAppDemo", "FunctionAppDemo\FunctionAppDemo.csproj", "{35CA3E32-F31D-4DC3-99CE-62E4D6CA7896}"
EndProject
Global
	GlobalSection(SolutionConfigurationPlatforms) = preSolution
		Debug|Any CPU = Debug|Any CPU
		Release|Any CPU = Release|Any CPU
	EndGlobalSection
	GlobalSection(ProjectConfigurationPlatforms) = postSolution
		{76233411-B17C-4D0E-B6C1-2D851CC70AA9}.Debug|Any CPU.ActiveCfg = Debug|Any CPU
		{76233411-B17C-4D0E-B6C1-2D851CC70AA9}.Debug|Any CPU.Build.0 = Debug|Any CPU
		{76233411-B17C-4D0E-B6C1-2D851CC70AA9}.Release|Any CPU.ActiveCfg = Release|Any CPU
		{76233411-B17C-4D0E-B6C1-2D851CC70AA9}.Release|Any CPU.Build.0 = Release|Any CPU
		{35CA3E32-F31D-4DC3-99CE-62E4D6CA7896}.Debug|Any CPU.ActiveCfg = Debug|Any CPU
		{35CA3E32-F31D-4DC3-99CE-62E4D6CA7896}.Debug|Any CPU.Build.0 = Debug|Any CPU
		{35CA3E32-F31D-4DC3-99CE-62E4D6CA7896}.Release|Any CPU.ActiveCfg = Release|Any CPU
		{35CA3E32-F31D-4DC3-99CE-62E4D6CA7896}.Release|Any CPU.Build.0 = Release|Any CPU
	EndGlobalSection
	GlobalSection(SolutionProperties) = preSolution
		HideSolutionNode = FALSE
	EndGlobalSection
	GlobalSection(ExtensibilityGlobals) = postSolution
		SolutionGuid = {375D6061-A58E-4364-BF54-473F792F15A6}
	EndGlobalSection
EndGlobal
